{
  "version": 2,
  "dependencies": {
    "net10.0": {
      "StackNucleus.DDD.Domain": {
        "type": "Direct",
        "requested": "[4.1.0, )",
        "resolved": "4.1.0",
        "contentHash": "HsAGRzH1kumqFPaVI5S/wIvAezuSwIrpRQXLkBpRkBI+UMX57tCUO/tIoHg3VwGs15rgDy+TrWnSKS/UZT6Xkg=="
      }
    }
  }
}